
Microsoft Visual Studio Solution File, Format Version 12.00
Project("{FAE04EC0-301F-11D3-BF4B-00C04F79EFBC}") = "QualityMirrors", "QualityMirrors\QualityMirrors.csproj", "{FC577480-DF1B-48F6-9604-A2C86C53EA26}"
EndProject
Global
	GlobalSection(SolutionConfigurationPlatforms) = preSolution
		Debug|Any CPU = Debug|Any CPU
		Release|Any CPU = Release|Any CPU
	EndGlobalSection
	GlobalSection(ProjectConfigurationPlatforms) = postSolution
		{FC577480-DF1B-48F6-9604-A2C86C53EA26}.Debug|Any CPU.ActiveCfg = Debug|Any CPU
		{FC577480-DF1B-48F6-9604-A2C86C53EA26}.Debug|Any CPU.Build.0 = Debug|Any CPU
		{FC577480-DF1B-48F6-9604-A2C86C53EA26}.Release|Any CPU.ActiveCfg = Release|Any CPU
		{FC577480-DF1B-48F6-9604-A2C86C53EA26}.Release|Any CPU.Build.0 = Release|Any CPU
	EndGlobalSection
EndGlobal
